{
  "name": "fe",
  "version": "1.0.0",
  "lockfileVersion": 1,
  "requires": true,
  "dependencies": {
    "@types/geojson": {
      "version": "7946.0.7",
      "resolved": "https://registry.npmjs.org/@types/geojson/-/geojson-7946.0.7.tgz",
      "integrity": "sha512-wE2v81i4C4Ol09RtsWFAqg3BUitWbHSpSlIo+bNdsCJijO9sjme+zm+73ZMCa/qMC8UEERxzGbvmr1cffo2SiQ=="
    },
    "@types/node": {
      "version": "12.7.12",
      "resolved": "https://registry.npmjs.org/@types/node/-/node-12.7.12.tgz",
      "integrity": "sha512-KPYGmfD0/b1eXurQ59fXD1GBzhSQfz6/lKBxkaHX9dKTzjXbK68Zt7yGUxUsCS1jeTy/8aL+d9JEr+S54mpkWQ=="
    },
    "denque": {
      "version": "1.4.1",
      "resolved": "https://registry.npmjs.org/denque/-/denque-1.4.1.tgz",
      "integrity": "sha512-OfzPuSZKGcgr96rf1oODnfjqBFmr1DVoc/TrItj3Ohe0Ah1C5WX5Baquw/9U9KovnQ88EqmJbD66rKYUQYN1tQ=="
    },
    "long": {
      "version": "4.0.0",
      "resolved": "https://registry.npmjs.org/long/-/long-4.0.0.tgz",
      "integrity": "sha512-XsP+KhQif4bjX1kbuSiySJFNAehNxgLb6hPRGJ9QsUr8ajHkuXGdrHmFUTUUXhDwVX2R5bY4JNZEwbUiMhV+MA=="
    },
    "mariadb": {
      "version": "2.1.1",
      "resolved": "https://registry.npmjs.org/mariadb/-/mariadb-2.1.1.tgz",
      "integrity": "sha512-ja+4wyo7jCbTiGcR90Q1UiAT1OA1DMmswpXpOWS3z9Tl2tHQ5LYP8Dx8WMhAqoOdbClzHABkeRDydg4gRglGhA==",
      "requires": {
        "@types/geojson": "^7946.0.7",
        "@types/node": "^12.7.4",
        "denque": "^1.4.1",
        "iconv-lite": "^0.5.0",
        "long": "^4.0.0",
        "moment-timezone": "^0.5.26"
      },
      "dependencies": {
        "iconv-lite": {
          "version": "0.5.0",
          "resolved": "https://registry.npmjs.org/iconv-lite/-/iconv-lite-0.5.0.tgz",
          "integrity": "sha512-NnEhI9hIEKHOzJ4f697DMz9IQEXr/MMJ5w64vN2/4Ai+wRnvV7SBrL0KLoRlwaKVghOc7LQ5YkPLuX146b6Ydw==",
          "requires": {
            "safer-buffer": ">= 2.1.2 < 3"
          }
        }
      }
    },
    "mime-db": {
      "version": "1.40.0",
      "resolved": "https://registry.npmjs.org/mime-db/-/mime-db-1.40.0.tgz",
      "integrity": "sha512-jYdeOMPy9vnxEqFRRo6ZvTZ8d9oPb+k18PKoYNYUe2stVEBPPwsln/qWzdbmaIvnhZ9v2P+CuecK+fpUfsV2mA=="
    },
    "mime-types": {
      "version": "2.1.24",
      "resolved": "https://registry.npmjs.org/mime-types/-/mime-types-2.1.24.tgz",
      "integrity": "sha512-WaFHS3MCl5fapm3oLxU4eYDw77IQM2ACcxQ9RIxfaC3ooc6PFuBMGZZsYpvoXS5D5QTWPieo1jjLdAm3TBP3cQ==",
      "requires": {
        "mime-db": "1.40.0"
      }
    },
    "moment": {
      "version": "2.29.4",
      "resolved": "https://registry.npmjs.org/moment/-/moment-2.29.4.tgz",
      "integrity": "sha512-5LC9SOxjSc2HF6vO2CyuTDNivEdoz2IvyJJGj6X8DJ0eFyfszE0QiEd+iXmBvUP3WHxSjFH/vIsA0EN00cgr8w=="
    },
    "moment-timezone": {
      "version": "0.5.26",
      "resolved": "https://registry.npmjs.org/moment-timezone/-/moment-timezone-0.5.26.tgz",
      "integrity": "sha512-sFP4cgEKTCymBBKgoxZjYzlSovC20Y6J7y3nanDc5RoBIXKlZhoYwBoZGe3flwU6A372AcRwScH8KiwV6zjy1g==",
      "requires": {
        "moment": ">= 2.9.0"
      }
    },
    "safer-buffer": {
      "version": "2.1.2",
      "resolved": "https://registry.npmjs.org/safer-buffer/-/safer-buffer-2.1.2.tgz",
      "integrity": "sha512-YZo3K82SD7Riyi0E1EQPojLz7kpepnSQI9IyPbHHg1XXXevb5dJI7tpyN2ADxGcQbHG7vcyRHk0cbwqcQriUtg=="
    }
  }
}
